
Microsoft Visual Studio Solution File, Format Version 12.00
# Visual Studio 15
VisualStudioVersion = 15.0.28010.2048
MinimumVisualStudioVersion = 10.0.40219.1
Project("{9A19103F-16F7-4668-BE54-9A1E7A4F7556}") = "ChessCore", "ChessCore\ChessCore.csproj", "{1D6C387C-1462-4E15-B36B-133C32B019AA}"
EndProject
Project("{9A19103F-16F7-4668-BE54-9A1E7A4F7556}") = "ChessCoreEngine", "ChessCoreEngine\ChessCoreEngine.csproj", "{817E0C3B-6373-413E-8F86-482129B8CE47}"
EndProject
Project("{FAE04EC0-301F-11D3-BF4B-00C04F79EFBC}") = "ChessCoreEngine.Tests", "ChessCoreEngine.Tests\ChessCoreEngine.Tests.csproj", "{BDF4678F-D0B0-4E2D-8EC4-988184E2F75B}"
EndProject
Project("{FAE04EC0-301F-11D3-BF4B-00C04F79EFBC}") = "MoonforgePlay", "MoonforgePlay\MoonforgePlay.csproj", "{145DE52A-9CB6-4332-819B-8E65C6C931A5}"
EndProject
Project("{FAE04EC0-301F-11D3-BF4B-00C04F79EFBC}") = "ChessBin.Web", "ChessBin.Web\ChessBin.Web.csproj", "{5867A322-9D80-4934-A347-141899604CD0}"
EndProject
Project("{FAE04EC0-301F-11D3-BF4B-00C04F79EFBC}") = "ChessBin.Web.Tests", "ChessBin.Web.Tests\ChessBin.Web.Tests.csproj", "{270F2383-43F3-4BF8-97F9-8D06B47A15B3}"
EndProject
Project("{FAE04EC0-301F-11D3-BF4B-00C04F79EFBC}") = "ChessBin.Online", "ChessBin.Online\ChessBin.Online.csproj", "{ED3D4957-F4FD-4918-BEF8-11DC77F840FA}"
EndProject
Global
	GlobalSection(SolutionConfigurationPlatforms) = preSolution
		Debug|Any CPU = Debug|Any CPU
		Debug|x64 = Debug|x64
		Debug|x86 = Debug|x86
		Release|Any CPU = Release|Any CPU
		Release|x64 = Release|x64
		Release|x86 = Release|x86
	EndGlobalSection
	GlobalSection(ProjectConfigurationPlatforms) = postSolution
		{1D6C387C-1462-4E15-B36B-133C32B019AA}.Debug|Any CPU.ActiveCfg = Debug|Any CPU
		{1D6C387C-1462-4E15-B36B-133C32B019AA}.Debug|Any CPU.Build.0 = Debug|Any CPU
		{1D6C387C-1462-4E15-B36B-133C32B019AA}.Debug|x64.ActiveCfg = Debug|Any CPU
		{1D6C387C-1462-4E15-B36B-133C32B019AA}.Debug|x64.Build.0 = Debug|Any CPU
		{1D6C387C-1462-4E15-B36B-133C32B019AA}.Debug|x86.ActiveCfg = Debug|Any CPU
		{1D6C387C-1462-4E15-B36B-133C32B019AA}.Debug|x86.Build.0 = Debug|Any CPU
		{1D6C387C-1462-4E15-B36B-133C32B019AA}.Release|Any CPU.ActiveCfg = Release|Any CPU
		{1D6C387C-1462-4E15-B36B-133C32B019AA}.Release|Any CPU.Build.0 = Release|Any CPU
		{1D6C387C-1462-4E15-B36B-133C32B019AA}.Release|x64.ActiveCfg = Release|Any CPU
		{1D6C387C-1462-4E15-B36B-133C32B019AA}.Release|x64.Build.0 = Release|Any CPU
		{1D6C387C-1462-4E15-B36B-133C32B019AA}.Release|x86.ActiveCfg = Release|Any CPU
		{1D6C387C-1462-4E15-B36B-133C32B019AA}.Release|x86.Build.0 = Release|Any CPU
		{817E0C3B-6373-413E-8F86-482129B8CE47}.Debug|Any CPU.ActiveCfg = Debug|Any CPU
		{817E0C3B-6373-413E-8F86-482129B8CE47}.Debug|Any CPU.Build.0 = Debug|Any CPU
		{817E0C3B-6373-413E-8F86-482129B8CE47}.Debug|x64.ActiveCfg = Debug|Any CPU
		{817E0C3B-6373-413E-8F86-482129B8CE47}.Debug|x64.Build.0 = Debug|Any CPU
		{817E0C3B-6373-413E-8F86-482129B8CE47}.Debug|x86.ActiveCfg = Debug|Any CPU
		{817E0C3B-6373-413E-8F86-482129B8CE47}.Debug|x86.Build.0 = Debug|Any CPU
		{817E0C3B-6373-413E-8F86-482129B8CE47}.Release|Any CPU.ActiveCfg = Release|Any CPU
		{817E0C3B-6373-413E-8F86-482129B8CE47}.Release|Any CPU.Build.0 = Release|Any CPU
		{817E0C3B-6373-413E-8F86-482129B8CE47}.Release|x64.ActiveCfg = Release|Any CPU
		{817E0C3B-6373-413E-8F86-482129B8CE47}.Release|x64.Build.0 = Release|Any CPU
		{817E0C3B-6373-413E-8F86-482129B8CE47}.Release|x86.ActiveCfg = Release|Any CPU
		{817E0C3B-6373-413E-8F86-482129B8CE47}.Release|x86.Build.0 = Release|Any CPU
		{BDF4678F-D0B0-4E2D-8EC4-988184E2F75B}.Debug|Any CPU.ActiveCfg = Debug|Any CPU
		{BDF4678F-D0B0-4E2D-8EC4-988184E2F75B}.Debug|Any CPU.Build.0 = Debug|Any CPU
		{BDF4678F-D0B0-4E2D-8EC4-988184E2F75B}.Debug|x64.ActiveCfg = Debug|Any CPU
		{BDF4678F-D0B0-4E2D-8EC4-988184E2F75B}.Debug|x64.Build.0 = Debug|Any CPU
		{BDF4678F-D0B0-4E2D-8EC4-988184E2F75B}.Debug|x86.ActiveCfg = Debug|Any CPU
		{BDF4678F-D0B0-4E2D-8EC4-988184E2F75B}.Debug|x86.Build.0 = Debug|Any CPU
		{BDF4678F-D0B0-4E2D-8EC4-988184E2F75B}.Release|Any CPU.ActiveCfg = Release|Any CPU
		{BDF4678F-D0B0-4E2D-8EC4-988184E2F75B}.Release|Any CPU.Build.0 = Release|Any CPU
		{BDF4678F-D0B0-4E2D-8EC4-988184E2F75B}.Release|x64.ActiveCfg = Release|Any CPU
		{BDF4678F-D0B0-4E2D-8EC4-988184E2F75B}.Release|x64.Build.0 = Release|Any CPU
		{BDF4678F-D0B0-4E2D-8EC4-988184E2F75B}.Release|x86.ActiveCfg = Release|Any CPU
		{BDF4678F-D0B0-4E2D-8EC4-988184E2F75B}.Release|x86.Build.0 = Release|Any CPU
		{145DE52A-9CB6-4332-819B-8E65C6C931A5}.Debug|Any CPU.ActiveCfg = Debug|Any CPU
		{145DE52A-9CB6-4332-819B-8E65C6C931A5}.Debug|Any CPU.Build.0 = Debug|Any CPU
		{145DE52A-9CB6-4332-819B-8E65C6C931A5}.Debug|x64.ActiveCfg = Debug|Any CPU
		{145DE52A-9CB6-4332-819B-8E65C6C931A5}.Debug|x64.Build.0 = Debug|Any CPU
		{145DE52A-9CB6-4332-819B-8E65C6C931A5}.Debug|x86.ActiveCfg = Debug|Any CPU
		{145DE52A-9CB6-4332-819B-8E65C6C931A5}.Debug|x86.Build.0 = Debug|Any CPU
		{145DE52A-9CB6-4332-819B-8E65C6C931A5}.Release|Any CPU.ActiveCfg = Release|Any CPU
		{145DE52A-9CB6-4332-819B-8E65C6C931A5}.Release|Any CPU.Build.0 = Release|Any CPU
		{145DE52A-9CB6-4332-819B-8E65C6C931A5}.Release|x64.ActiveCfg = Release|Any CPU
		{145DE52A-9CB6-4332-819B-8E65C6C931A5}.Release|x64.Build.0 = Release|Any CPU
		{145DE52A-9CB6-4332-819B-8E65C6C931A5}.Release|x86.ActiveCfg = Release|Any CPU
		{145DE52A-9CB6-4332-819B-8E65C6C931A5}.Release|x86.Build.0 = Release|Any CPU
		{5867A322-9D80-4934-A347-141899604CD0}.Debug|Any CPU.ActiveCfg = Debug|Any CPU
		{5867A322-9D80-4934-A347-141899604CD0}.Debug|Any CPU.Build.0 = Debug|Any CPU
		{5867A322-9D80-4934-A347-141899604CD0}.Debug|x64.ActiveCfg = Debug|Any CPU
		{5867A322-9D80-4934-A347-141899604CD0}.Debug|x64.Build.0 = Debug|Any CPU
		{5867A322-9D80-4934-A347-141899604CD0}.Debug|x86.ActiveCfg = Debug|Any CPU
		{5867A322-9D80-4934-A347-141899604CD0}.Debug|x86.Build.0 = Debug|Any CPU
		{5867A322-9D80-4934-A347-141899604CD0}.Release|Any CPU.ActiveCfg = Release|Any CPU
		{5867A322-9D80-4934-A347-141899604CD0}.Release|Any CPU.Build.0 = Release|Any CPU
		{5867A322-9D80-4934-A347-141899604CD0}.Release|x64.ActiveCfg = Release|Any CPU
		{5867A322-9D80-4934-A347-141899604CD0}.Release|x64.Build.0 = Release|Any CPU
		{5867A322-9D80-4934-A347-141899604CD0}.Release|x86.ActiveCfg = Release|Any CPU
		{5867A322-9D80-4934-A347-141899604CD0}.Release|x86.Build.0 = Release|Any CPU
		{270F2383-43F3-4BF8-97F9-8D06B47A15B3}.Debug|Any CPU.ActiveCfg = Debug|Any CPU
		{270F2383-43F3-4BF8-97F9-8D06B47A15B3}.Debug|Any CPU.Build.0 = Debug|Any CPU
		{270F2383-43F3-4BF8-97F9-8D06B47A15B3}.Debug|x64.ActiveCfg = Debug|Any CPU
		{270F2383-43F3-4BF8-97F9-8D06B47A15B3}.Debug|x64.Build.0 = Debug|Any CPU
		{270F2383-43F3-4BF8-97F9-8D06B47A15B3}.Debug|x86.ActiveCfg = Debug|Any CPU
		{270F2383-43F3-4BF8-97F9-8D06B47A15B3}.Debug|x86.Build.0 = Debug|Any CPU
		{270F2383-43F3-4BF8-97F9-8D06B47A15B3}.Release|Any CPU.ActiveCfg = Release|Any CPU
		{270F2383-43F3-4BF8-97F9-8D06B47A15B3}.Release|Any CPU.Build.0 = Release|Any CPU
		{270F2383-43F3-4BF8-97F9-8D06B47A15B3}.Release|x64.ActiveCfg = Release|Any CPU
		{270F2383-43F3-4BF8-97F9-8D06B47A15B3}.Release|x64.Build.0 = Release|Any CPU
		{270F2383-43F3-4BF8-97F9-8D06B47A15B3}.Release|x86.ActiveCfg = Release|Any CPU
		{270F2383-43F3-4BF8-97F9-8D06B47A15B3}.Release|x86.Build.0 = Release|Any CPU
		{ED3D4957-F4FD-4918-BEF8-11DC77F840FA}.Debug|Any CPU.ActiveCfg = Debug|Any CPU
		{ED3D4957-F4FD-4918-BEF8-11DC77F840FA}.Debug|Any CPU.Build.0 = Debug|Any CPU
		{ED3D4957-F4FD-4918-BEF8-11DC77F840FA}.Debug|x64.ActiveCfg = Debug|Any CPU
		{ED3D4957-F4FD-4918-BEF8-11DC77F840FA}.Debug|x64.Build.0 = Debug|Any CPU
		{ED3D4957-F4FD-4918-BEF8-11DC77F840FA}.Debug|x86.ActiveCfg = Debug|Any CPU
		{ED3D4957-F4FD-4918-BEF8-11DC77F840FA}.Debug|x86.Build.0 = Debug|Any CPU
		{ED3D4957-F4FD-4918-BEF8-11DC77F840FA}.Release|Any CPU.ActiveCfg = Release|Any CPU
		{ED3D4957-F4FD-4918-BEF8-11DC77F840FA}.Release|Any CPU.Build.0 = Release|Any CPU
		{ED3D4957-F4FD-4918-BEF8-11DC77F840FA}.Release|x64.ActiveCfg = Release|Any CPU
		{ED3D4957-F4FD-4918-BEF8-11DC77F840FA}.Release|x64.Build.0 = Release|Any CPU
		{ED3D4957-F4FD-4918-BEF8-11DC77F840FA}.Release|x86.ActiveCfg = Release|Any CPU
		{ED3D4957-F4FD-4918-BEF8-11DC77F840FA}.Release|x86.Build.0 = Release|Any CPU
	EndGlobalSection
	GlobalSection(SolutionProperties) = preSolution
		HideSolutionNode = FALSE
	EndGlobalSection
	GlobalSection(ExtensibilityGlobals) = postSolution
		SolutionGuid = {AD967701-4905-4EF5-BE85-DDD51D3C48EF}
	EndGlobalSection
EndGlobal
